
Microsoft Visual Studio Solution File, Format Version 12.00
# Visual Studio 14
VisualStudioVersion = 14.0.25420.1
MinimumVisualStudioVersion = 10.0.40219.1
Project("{2150E333-8FDC-42A3-9474-1A3956D46DE8}") = "src", "src", "{AB3EA1F2-8A91-4DE4-8C4F-3857B36EB3B2}"
EndProject
Project("{2150E333-8FDC-42A3-9474-1A3956D46DE8}") = "Solution Items", "Solution Items", "{53FF2647-7090-47CA-B9B7-AAF6D261FFF1}"
	ProjectSection(SolutionItems) = preProject
		global.json = global.json
	EndProjectSection
EndProject
Project("{8BB2217D-0F2D-49D1-97BC-3654ED321F3B}") = "NpvApi", "src\NpvApi\NpvApi.xproj", "{540CF7D8-97CC-491C-AE35-DEC01EEC524F}"
EndProject
Project("{8BB2217D-0F2D-49D1-97BC-3654ED321F3B}") = "NpvApi.Dtos", "src\NpvApi.Dtos\NpvApi.Dtos.xproj", "{3E93974C-79E2-415D-8C7F-B3DD16275112}"
EndProject
Project("{8BB2217D-0F2D-49D1-97BC-3654ED321F3B}") = "NpvApi.Application", "src\NpvApi.Application\NpvApi.Application.xproj", "{85D4183E-6E83-4ED0-BDEF-BD9DB2AF41F8}"
EndProject
Project("{8BB2217D-0F2D-49D1-97BC-3654ED321F3B}") = "NpvApi.Dtos.Test", "src\NpvApi.Dtos.Test\NpvApi.Dtos.Test.xproj", "{FDD8E504-3AAB-40DA-9202-AC6FC14E5531}"
EndProject
Project("{8BB2217D-0F2D-49D1-97BC-3654ED321F3B}") = "NpvApi.Application.Test", "src\NpvApi.Application.Test\NpvApi.Application.Test.xproj", "{91312F92-5B66-40C0-AC33-8195AB59AE4A}"
EndProject
Project("{8BB2217D-0F2D-49D1-97BC-3654ED321F3B}") = "NpvApi.Test", "NpvApi.Test\NpvApi.Test.xproj", "{F64C6430-70FA-4834-BF87-BA83AC76091C}"
EndProject
Global
	GlobalSection(SolutionConfigurationPlatforms) = preSolution
		Debug|Any CPU = Debug|Any CPU
		Release|Any CPU = Release|Any CPU
	EndGlobalSection
	GlobalSection(ProjectConfigurationPlatforms) = postSolution
		{540CF7D8-97CC-491C-AE35-DEC01EEC524F}.Debug|Any CPU.ActiveCfg = Debug|Any CPU
		{540CF7D8-97CC-491C-AE35-DEC01EEC524F}.Debug|Any CPU.Build.0 = Debug|Any CPU
		{540CF7D8-97CC-491C-AE35-DEC01EEC524F}.Release|Any CPU.ActiveCfg = Release|Any CPU
		{540CF7D8-97CC-491C-AE35-DEC01EEC524F}.Release|Any CPU.Build.0 = Release|Any CPU
		{3E93974C-79E2-415D-8C7F-B3DD16275112}.Debug|Any CPU.ActiveCfg = Debug|Any CPU
		{3E93974C-79E2-415D-8C7F-B3DD16275112}.Debug|Any CPU.Build.0 = Debug|Any CPU
		{3E93974C-79E2-415D-8C7F-B3DD16275112}.Release|Any CPU.ActiveCfg = Release|Any CPU
		{3E93974C-79E2-415D-8C7F-B3DD16275112}.Release|Any CPU.Build.0 = Release|Any CPU
		{85D4183E-6E83-4ED0-BDEF-BD9DB2AF41F8}.Debug|Any CPU.ActiveCfg = Debug|Any CPU
		{85D4183E-6E83-4ED0-BDEF-BD9DB2AF41F8}.Debug|Any CPU.Build.0 = Debug|Any CPU
		{85D4183E-6E83-4ED0-BDEF-BD9DB2AF41F8}.Release|Any CPU.ActiveCfg = Release|Any CPU
		{85D4183E-6E83-4ED0-BDEF-BD9DB2AF41F8}.Release|Any CPU.Build.0 = Release|Any CPU
		{FDD8E504-3AAB-40DA-9202-AC6FC14E5531}.Debug|Any CPU.ActiveCfg = Debug|Any CPU
		{FDD8E504-3AAB-40DA-9202-AC6FC14E5531}.Debug|Any CPU.Build.0 = Debug|Any CPU
		{FDD8E504-3AAB-40DA-9202-AC6FC14E5531}.Release|Any CPU.ActiveCfg = Release|Any CPU
		{FDD8E504-3AAB-40DA-9202-AC6FC14E5531}.Release|Any CPU.Build.0 = Release|Any CPU
		{91312F92-5B66-40C0-AC33-8195AB59AE4A}.Debug|Any CPU.ActiveCfg = Debug|Any CPU
		{91312F92-5B66-40C0-AC33-8195AB59AE4A}.Debug|Any CPU.Build.0 = Debug|Any CPU
		{91312F92-5B66-40C0-AC33-8195AB59AE4A}.Release|Any CPU.ActiveCfg = Release|Any CPU
		{91312F92-5B66-40C0-AC33-8195AB59AE4A}.Release|Any CPU.Build.0 = Release|Any CPU
		{F64C6430-70FA-4834-BF87-BA83AC76091C}.Debug|Any CPU.ActiveCfg = Debug|Any CPU
		{F64C6430-70FA-4834-BF87-BA83AC76091C}.Debug|Any CPU.Build.0 = Debug|Any CPU
		{F64C6430-70FA-4834-BF87-BA83AC76091C}.Release|Any CPU.ActiveCfg = Release|Any CPU
		{F64C6430-70FA-4834-BF87-BA83AC76091C}.Release|Any CPU.Build.0 = Release|Any CPU
	EndGlobalSection
	GlobalSection(SolutionProperties) = preSolution
		HideSolutionNode = FALSE
	EndGlobalSection
	GlobalSection(NestedProjects) = preSolution
		{540CF7D8-97CC-491C-AE35-DEC01EEC524F} = {AB3EA1F2-8A91-4DE4-8C4F-3857B36EB3B2}
		{3E93974C-79E2-415D-8C7F-B3DD16275112} = {AB3EA1F2-8A91-4DE4-8C4F-3857B36EB3B2}
		{85D4183E-6E83-4ED0-BDEF-BD9DB2AF41F8} = {AB3EA1F2-8A91-4DE4-8C4F-3857B36EB3B2}
		{FDD8E504-3AAB-40DA-9202-AC6FC14E5531} = {AB3EA1F2-8A91-4DE4-8C4F-3857B36EB3B2}
		{91312F92-5B66-40C0-AC33-8195AB59AE4A} = {AB3EA1F2-8A91-4DE4-8C4F-3857B36EB3B2}
		{F64C6430-70FA-4834-BF87-BA83AC76091C} = {AB3EA1F2-8A91-4DE4-8C4F-3857B36EB3B2}
	EndGlobalSection
EndGlobal
